// !$*UTF8*$!
{
	archiveVersion = 1;
	classes = {
	};
	objectVersion = 50;
	objects = {

/* Begin PBXBuildFile section */
		AA1D2267227984E300F7AD71 /* PeopleViewModel.swift in Sources */ = {isa = PBXBuildFile; fileRef = AA1D2266227984E300F7AD71 /* PeopleViewModel.swift */; };
		AA1D226922798A2800F7AD71 /* VehicleViewModel.swift in Sources */ = {isa = PBXBuildFile; fileRef = AA1D226822798A2800F7AD71 /* VehicleViewModel.swift */; };
		AA230273227831A000FEF7EE /* AppDelegate.swift in Sources */ = {isa = PBXBuildFile; fileRef = AA230272227831A000FEF7EE /* AppDelegate.swift */; };
		AA230275227831A000FEF7EE /* ViewController.swift in Sources */ = {isa = PBXBuildFile; fileRef = AA230274227831A000FEF7EE /* ViewController.swift */; };
		AA230278227831A000FEF7EE /* Main.storyboard in Resources */ = {isa = PBXBuildFile; fileRef = AA230276227831A000FEF7EE /* Main.storyboard */; };
		AA23027D227831A200FEF7EE /* LaunchScreen.storyboard in Resources */ = {isa = PBXBuildFile; fileRef = AA23027B227831A200FEF7EE /* LaunchScreen.storyboard */; };
		AA2302862278334B00FEF7EE /* People.swift in Sources */ = {isa = PBXBuildFile; fileRef = AA2302852278334B00FEF7EE /* People.swift */; };
		AA2302882278335800FEF7EE /* Vehicle.swift in Sources */ = {isa = PBXBuildFile; fileRef = AA2302872278335800FEF7EE /* Vehicle.swift */; };
		AA23028A2278337800FEF7EE /* Starship.swift in Sources */ = {isa = PBXBuildFile; fileRef = AA2302892278337800FEF7EE /* Starship.swift */; };
		AA23028C22783DF800FEF7EE /* TransportMachine.swift in Sources */ = {isa = PBXBuildFile; fileRef = AA23028B22783DF800FEF7EE /* TransportMachine.swift */; };
		AA23028E22786E6100FEF7EE /* Assets.xcassets in Resources */ = {isa = PBXBuildFile; fileRef = AA23028D22786E6100FEF7EE /* Assets.xcassets */; };
		AA23029722788E7500FEF7EE /* JSONDownloader.swift in Sources */ = {isa = PBXBuildFile; fileRef = AA23029622788E7500FEF7EE /* JSONDownloader.swift */; };
		AA23029922788EA800FEF7EE /* AwakensError.swift in Sources */ = {isa = PBXBuildFile; fileRef = AA23029822788EA800FEF7EE /* AwakensError.swift */; };
		AA23029B22788F1000FEF7EE /* AwakensAPIClient.swift in Sources */ = {isa = PBXBuildFile; fileRef = AA23029A22788F1000FEF7EE /* AwakensAPIClient.swift */; };
		AA23029E22788FB800FEF7EE /* Endpoint.swift in Sources */ = {isa = PBXBuildFile; fileRef = AA23029D22788FB800FEF7EE /* Endpoint.swift */; };
		AA2302A0227896E200FEF7EE /* AwakenController.swift in Sources */ = {isa = PBXBuildFile; fileRef = AA23029F227896E200FEF7EE /* AwakenController.swift */; };
		AA2302A3227898D500FEF7EE /* SearchPeopleDataSource.swift in Sources */ = {isa = PBXBuildFile; fileRef = AA2302A2227898D500FEF7EE /* SearchPeopleDataSource.swift */; };
/* End PBXBuildFile section */

/* Begin PBXFileReference section */
		AA1D2266227984E300F7AD71 /* PeopleViewModel.swift */ = {isa = PBXFileReference; lastKnownFileType = sourcecode.swift; path = PeopleViewModel.swift; sourceTree = "<group>"; };
		AA1D226822798A2800F7AD71 /* VehicleViewModel.swift */ = {isa = PBXFileReference; lastKnownFileType = sourcecode.swift; path = VehicleViewModel.swift; sourceTree = "<group>"; };
		AA23026F227831A000FEF7EE /* AwakensApp.app */ = {isa = PBXFileReference; explicitFileType = wrapper.application; includeInIndex = 0; path = AwakensApp.app; sourceTree = BUILT_PRODUCTS_DIR; };
		AA230272227831A000FEF7EE /* AppDelegate.swift */ = {isa = PBXFileReference; lastKnownFileType = sourcecode.swift; path = AppDelegate.swift; sourceTree = "<group>"; };
		AA230274227831A000FEF7EE /* ViewController.swift */ = {isa = PBXFileReference; lastKnownFileType = sourcecode.swift; path = ViewController.swift; sourceTree = "<group>"; };
		AA230277227831A000FEF7EE /* Base */ = {isa = PBXFileReference; lastKnownFileType = file.storyboard; name = Base; path = Base.lproj/Main.storyboard; sourceTree = "<group>"; };
		AA23027C227831A200FEF7EE /* Base */ = {isa = PBXFileReference; lastKnownFileType = file.storyboard; name = Base; path = Base.lproj/LaunchScreen.storyboard; sourceTree = "<group>"; };
		AA23027E227831A200FEF7EE /* Info.plist */ = {isa = PBXFileReference; lastKnownFileType = text.plist.xml; path = Info.plist; sourceTree = "<group>"; };
		AA2302852278334B00FEF7EE /* People.swift */ = {isa = PBXFileReference; lastKnownFileType = sourcecode.swift; path = People.swift; sourceTree = "<group>"; };
		AA2302872278335800FEF7EE /* Vehicle.swift */ = {isa = PBXFileReference; lastKnownFileType = sourcecode.swift; path = Vehicle.swift; sourceTree = "<group>"; };
		AA2302892278337800FEF7EE /* Starship.swift */ = {isa = PBXFileReference; lastKnownFileType = sourcecode.swift; path = Starship.swift; sourceTree = "<group>"; };
		AA23028B22783DF800FEF7EE /* TransportMachine.swift */ = {isa = PBXFileReference; lastKnownFileType = sourcecode.swift; path = TransportMachine.swift; sourceTree = "<group>"; };
		AA23028D22786E6100FEF7EE /* Assets.xcassets */ = {isa = PBXFileReference; lastKnownFileType = folder.assetcatalog; path = Assets.xcassets; sourceTree = "<group>"; };
		AA23029622788E7500FEF7EE /* JSONDownloader.swift */ = {isa = PBXFileReference; lastKnownFileType = sourcecode.swift; path = JSONDownloader.swift; sourceTree = "<group>"; };
		AA23029822788EA800FEF7EE /* AwakensError.swift */ = {isa = PBXFileReference; lastKnownFileType = sourcecode.swift; path = AwakensError.swift; sourceTree = "<group>"; };
		AA23029A22788F1000FEF7EE /* AwakensAPIClient.swift */ = {isa = PBXFileReference; lastKnownFileType = sourcecode.swift; path = AwakensAPIClient.swift; sourceTree = "<group>"; };
		AA23029D22788FB800FEF7EE /* Endpoint.swift */ = {isa = PBXFileReference; lastKnownFileType = sourcecode.swift; path = Endpoint.swift; sourceTree = "<group>"; };
		AA23029F227896E200FEF7EE /* AwakenController.swift */ = {isa = PBXFileReference; lastKnownFileType = sourcecode.swift; path = AwakenController.swift; sourceTree = "<group>"; };
		AA2302A2227898D500FEF7EE /* SearchPeopleDataSource.swift */ = {isa = PBXFileReference; lastKnownFileType = sourcecode.swift; path = SearchPeopleDataSource.swift; sourceTree = "<group>"; };
/* End PBXFileReference section */

/* Begin PBXFrameworksBuildPhase section */
		AA23026C227831A000FEF7EE /* Frameworks */ = {
			isa = PBXFrameworksBuildPhase;
			buildActionMask = 2147483647;
			files = (
			);
			runOnlyForDeploymentPostprocessing = 0;
		};
/* End PBXFrameworksBuildPhase section */

/* Begin PBXGroup section */
		AA1D2265227984CA00F7AD71 /* View Models */ = {
			isa = PBXGroup;
			children = (
				AA1D2266227984E300F7AD71 /* PeopleViewModel.swift */,
				AA1D226822798A2800F7AD71 /* VehicleViewModel.swift */,
			);
			path = "View Models";
			sourceTree = "<group>";
		};
		AA230266227831A000FEF7EE = {
			isa = PBXGroup;
			children = (
				AA230271227831A000FEF7EE /* AwakensApp */,
				AA230270227831A000FEF7EE /* Products */,
			);
			sourceTree = "<group>";
		};
		AA230270227831A000FEF7EE /* Products */ = {
			isa = PBXGroup;
			children = (
				AA23026F227831A000FEF7EE /* AwakensApp.app */,
			);
			name = Products;
			sourceTree = "<group>";
		};
		AA230271227831A000FEF7EE /* AwakensApp */ = {
			isa = PBXGroup;
			children = (
				AA1D2265227984CA00F7AD71 /* View Models */,
				AA2302A12278989F00FEF7EE /* Data Sources */,
				AA23029522788E4C00FEF7EE /* Networking */,
				AA23028F22787F5B00FEF7EE /* Controllers */,
				AA2302842278333800FEF7EE /* Models */,
				AA230272227831A000FEF7EE /* AppDelegate.swift */,
				AA230276227831A000FEF7EE /* Main.storyboard */,
				AA23028D22786E6100FEF7EE /* Assets.xcassets */,
				AA23027B227831A200FEF7EE /* LaunchScreen.storyboard */,
				AA23027E227831A200FEF7EE /* Info.plist */,
			);
			path = AwakensApp;
			sourceTree = "<group>";
		};
		AA2302842278333800FEF7EE /* Models */ = {
			isa = PBXGroup;
			children = (
				AA23029C22788F8600FEF7EE /* Endpoint */,
				AA2302852278334B00FEF7EE /* People.swift */,
				AA2302872278335800FEF7EE /* Vehicle.swift */,
				AA2302892278337800FEF7EE /* Starship.swift */,
				AA23028B22783DF800FEF7EE /* TransportMachine.swift */,
			);
			path = Models;
			sourceTree = "<group>";
		};
		AA23028F22787F5B00FEF7EE /* Controllers */ = {
			isa = PBXGroup;
			children = (
				AA230274227831A000FEF7EE /* ViewController.swift */,
				AA23029F227896E200FEF7EE /* AwakenController.swift */,
			);
			path = Controllers;
			sourceTree = "<group>";
		};
		AA23029522788E4C00FEF7EE /* Networking */ = {
			isa = PBXGroup;
			children = (
				AA23029622788E7500FEF7EE /* JSONDownloader.swift */,
				AA23029822788EA800FEF7EE /* AwakensError.swift */,
				AA23029A22788F1000FEF7EE /* AwakensAPIClient.swift */,
			);
			path = Networking;
			sourceTree = "<group>";
		};
		AA23029C22788F8600FEF7EE /* Endpoint */ = {
			isa = PBXGroup;
			children = (
				AA23029D22788FB800FEF7EE /* Endpoint.swift */,
			);
			path = Endpoint;
			sourceTree = "<group>";
		};
		AA2302A12278989F00FEF7EE /* Data Sources */ = {
			isa = PBXGroup;
			children = (
				AA2302A2227898D500FEF7EE /* SearchPeopleDataSource.swift */,
			);
			path = "Data Sources";
			sourceTree = "<group>";
		};
/* End PBXGroup section */

/* Begin PBXNativeTarget section */
		AA23026E227831A000FEF7EE /* AwakensApp */ = {
			isa = PBXNativeTarget;
			buildConfigurationList = AA230281227831A200FEF7EE /* Build configuration list for PBXNativeTarget "AwakensApp" */;
			buildPhases = (
				AA23026B227831A000FEF7EE /* Sources */,
				AA23026C227831A000FEF7EE /* Frameworks */,
				AA23026D227831A000FEF7EE /* Resources */,
			);
			buildRules = (
			);
			dependencies = (
			);
			name = AwakensApp;
			productName = AwakensApp;
			productReference = AA23026F227831A000FEF7EE /* AwakensApp.app */;
			productType = "com.apple.product-type.application";
		};
/* End PBXNativeTarget section */

/* Begin PBXProject section */
		AA230267227831A000FEF7EE /* Project object */ = {
			isa = PBXProject;
			attributes = {
				LastSwiftUpdateCheck = 1020;
				LastUpgradeCheck = 1020;
				ORGANIZATIONNAME = davidlaiymani;
				TargetAttributes = {
					AA23026E227831A000FEF7EE = {
						CreatedOnToolsVersion = 10.2.1;
					};
				};
			};
			buildConfigurationList = AA23026A227831A000FEF7EE /* Build configuration list for PBXProject "AwakensApp" */;
			compatibilityVersion = "Xcode 9.3";
			developmentRegion = en;
			hasScannedForEncodings = 0;
			knownRegions = (
				en,
				Base,
			);
			mainGroup = AA230266227831A000FEF7EE;
			productRefGroup = AA230270227831A000FEF7EE /* Products */;
			projectDirPath = "";
			projectRoot = "";
			targets = (
				AA23026E227831A000FEF7EE /* AwakensApp */,
			);
		};
/* End PBXProject section */

/* Begin PBXResourcesBuildPhase section */
		AA23026D227831A000FEF7EE /* Resources */ = {
			isa = PBXResourcesBuildPhase;
			buildActionMask = 2147483647;
			files = (
				AA23027D227831A200FEF7EE /* LaunchScreen.storyboard in Resources */,
				AA23028E22786E6100FEF7EE /* Assets.xcassets in Resources */,
				AA230278227831A000FEF7EE /* Main.storyboard in Resources */,
			);
			runOnlyForDeploymentPostprocessing = 0;
		};
/* End PBXResourcesBuildPhase section */

/* Begin PBXSourcesBuildPhase section */
		AA23026B227831A000FEF7EE /* Sources */ = {
			isa = PBXSourcesBuildPhase;
			buildActionMask = 2147483647;
			files = (
				AA1D2267227984E300F7AD71 /* PeopleViewModel.swift in Sources */,
				AA23029922788EA800FEF7EE /* AwakensError.swift in Sources */,
				AA2302A0227896E200FEF7EE /* AwakenController.swift in Sources */,
				AA23029722788E7500FEF7EE /* JSONDownloader.swift in Sources */,
				AA2302882278335800FEF7EE /* Vehicle.swift in Sources */,
				AA23028A2278337800FEF7EE /* Starship.swift in Sources */,
				AA2302A3227898D500FEF7EE /* SearchPeopleDataSource.swift in Sources */,
				AA23029B22788F1000FEF7EE /* AwakensAPIClient.swift in Sources */,
				AA230275227831A000FEF7EE /* ViewController.swift in Sources */,
				AA1D226922798A2800F7AD71 /* VehicleViewModel.swift in Sources */,
				AA2302862278334B00FEF7EE /* People.swift in Sources */,
				AA230273227831A000FEF7EE /* AppDelegate.swift in Sources */,
				AA23029E22788FB800FEF7EE /* Endpoint.swift in Sources */,
				AA23028C22783DF800FEF7EE /* TransportMachine.swift in Sources */,
			);
			runOnlyForDeploymentPostprocessing = 0;
		};
/* End PBXSourcesBuildPhase section */

/* Begin PBXVariantGroup section */
		AA230276227831A000FEF7EE /* Main.storyboard */ = {
			isa = PBXVariantGroup;
			children = (
				AA230277227831A000FEF7EE /* Base */,
			);
			name = Main.storyboard;
			sourceTree = "<group>";
		};
		AA23027B227831A200FEF7EE /* LaunchScreen.storyboard */ = {
			isa = PBXVariantGroup;
			children = (
				AA23027C227831A200FEF7EE /* Base */,
			);
			name = LaunchScreen.storyboard;
			sourceTree = "<group>";
		};
/* End PBXVariantGroup section */

/* Begin XCBuildConfiguration section */
		AA23027F227831A200FEF7EE /* Debug */ = {
			isa = XCBuildConfiguration;
			buildSettings = {
				ALWAYS_SEARCH_USER_PATHS = NO;
				CLANG_ANALYZER_NONNULL = YES;
				CLANG_ANALYZER_NUMBER_OBJECT_CONVERSION = YES_AGGRESSIVE;
				CLANG_CXX_LANGUAGE_STANDARD = "gnu++14";
				CLANG_CXX_LIBRARY = "libc++";
				CLANG_ENABLE_MODULES = YES;
				CLANG_ENABLE_OBJC_ARC = YES;
				CLANG_ENABLE_OBJC_WEAK = YES;
				CLANG_WARN_BLOCK_CAPTURE_AUTORELEASING = YES;
				CLANG_WARN_BOOL_CONVERSION = YES;
				CLANG_WARN_COMMA = YES;
				CLANG_WARN_CONSTANT_CONVERSION = YES;
				CLANG_WARN_DEPRECATED_OBJC_IMPLEMENTATIONS = YES;
				CLANG_WARN_DIRECT_OBJC_ISA_USAGE = YES_ERROR;
				CLANG_WARN_DOCUMENTATION_COMMENTS = YES;
				CLANG_WARN_EMPTY_BODY = YES;
				CLANG_WARN_ENUM_CONVERSION = YES;
				CLANG_WARN_INFINITE_RECURSION = YES;
				CLANG_WARN_INT_CONVERSION = YES;
				CLANG_WARN_NON_LITERAL_NULL_CONVERSION = YES;
				CLANG_WARN_OBJC_IMPLICIT_RETAIN_SELF = YES;
				CLANG_WARN_OBJC_LITERAL_CONVERSION = YES;
				CLANG_WARN_OBJC_ROOT_CLASS = YES_ERROR;
				CLANG_WARN_RANGE_LOOP_ANALYSIS = YES;
				CLANG_WARN_STRICT_PROTOTYPES = YES;
				CLANG_WARN_SUSPICIOUS_MOVE = YES;
				CLANG_WARN_UNGUARDED_AVAILABILITY = YES_AGGRESSIVE;
				CLANG_WARN_UNREACHABLE_CODE = YES;
				CLANG_WARN__DUPLICATE_METHOD_MATCH = YES;
				CODE_SIGN_IDENTITY = "iPhone Developer";
				COPY_PHASE_STRIP = NO;
				DEBUG_INFORMATION_FORMAT = dwarf;
				ENABLE_STRICT_OBJC_MSGSEND = YES;
				ENABLE_TESTABILITY = YES;
				GCC_C_LANGUAGE_STANDARD = gnu11;
				GCC_DYNAMIC_NO_PIC = NO;
				GCC_NO_COMMON_BLOCKS = YES;
				GCC_OPTIMIZATION_LEVEL = 0;
				GCC_PREPROCESSOR_DEFINITIONS = (
					"DEBUG=1",
					"$(inherited)",
				);
				GCC_WARN_64_TO_32_BIT_CONVERSION = YES;
				GCC_WARN_ABOUT_RETURN_TYPE = YES_ERROR;
				GCC_WARN_UNDECLARED_SELECTOR = YES;
				GCC_WARN_UNINITIALIZED_AUTOS = YES_AGGRESSIVE;
				GCC_WARN_UNUSED_FUNCTION = YES;
				GCC_WARN_UNUSED_VARIABLE = YES;
				IPHONEOS_DEPLOYMENT_TARGET = 12.2;
				MTL_ENABLE_DEBUG_INFO = INCLUDE_SOURCE;
				MTL_FAST_MATH = YES;
				ONLY_ACTIVE_ARCH = YES;
				SDKROOT = iphoneos;
				SWIFT_ACTIVE_COMPILATION_CONDITIONS = DEBUG;
				SWIFT_OPTIMIZATION_LEVEL = "-Onone";
			};
			name = Debug;
		};
		AA230280227831A200FEF7EE /* Release */ = {
			isa = XCBuildConfiguration;
			buildSettings = {
				ALWAYS_SEARCH_USER_PATHS = NO;
				CLANG_ANALYZER_NONNULL = YES;
				CLANG_ANALYZER_NUMBER_OBJECT_CONVERSION = YES_AGGRESSIVE;
				CLANG_CXX_LANGUAGE_STANDARD = "gnu++14";
				CLANG_CXX_LIBRARY = "libc++";
				CLANG_ENABLE_MODULES = YES;
				CLANG_ENABLE_OBJC_ARC = YES;
				CLANG_ENABLE_OBJC_WEAK = YES;
				CLANG_WARN_BLOCK_CAPTURE_AUTORELEASING = YES;
				CLANG_WARN_BOOL_CONVERSION = YES;
				CLANG_WARN_COMMA = YES;
				CLANG_WARN_CONSTANT_CONVERSION = YES;
				CLANG_WARN_DEPRECATED_OBJC_IMPLEMENTATIONS = YES;
				CLANG_WARN_DIRECT_OBJC_ISA_USAGE = YES_ERROR;
				CLANG_WARN_DOCUMENTATION_COMMENTS = YES;
				CLANG_WARN_EMPTY_BODY = YES;
				CLANG_WARN_ENUM_CONVERSION = YES;
				CLANG_WARN_INFINITE_RECURSION = YES;
				CLANG_WARN_INT_CONVERSION = YES;
				CLANG_WARN_NON_LITERAL_NULL_CONVERSION = YES;
				CLANG_WARN_OBJC_IMPLICIT_RETAIN_SELF = YES;
				CLANG_WARN_OBJC_LITERAL_CONVERSION = YES;
				CLANG_WARN_OBJC_ROOT_CLASS = YES_ERROR;
				CLANG_WARN_RANGE_LOOP_ANALYSIS = YES;
				CLANG_WARN_STRICT_PROTOTYPES = YES;
				CLANG_WARN_SUSPICIOUS_MOVE = YES;
				CLANG_WARN_UNGUARDED_AVAILABILITY = YES_AGGRESSIVE;
				CLANG_WARN_UNREACHABLE_CODE = YES;
				CLANG_WARN__DUPLICATE_METHOD_MATCH = YES;
				CODE_SIGN_IDENTITY = "iPhone Developer";
				COPY_PHASE_STRIP = NO;
				DEBUG_INFORMATION_FORMAT = "dwarf-with-dsym";
				ENABLE_NS_ASSERTIONS = NO;
				ENABLE_STRICT_OBJC_MSGSEND = YES;
				GCC_C_LANGUAGE_STANDARD = gnu11;
				GCC_NO_COMMON_BLOCKS = YES;
				GCC_WARN_64_TO_32_BIT_CONVERSION = YES;
				GCC_WARN_ABOUT_RETURN_TYPE = YES_ERROR;
				GCC_WARN_UNDECLARED_SELECTOR = YES;
				GCC_WARN_UNINITIALIZED_AUTOS = YES_AGGRESSIVE;
				GCC_WARN_UNUSED_FUNCTION = YES;
				GCC_WARN_UNUSED_VARIABLE = YES;
				IPHONEOS_DEPLOYMENT_TARGET = 12.2;
				MTL_ENABLE_DEBUG_INFO = NO;
				MTL_FAST_MATH = YES;
				SDKROOT = iphoneos;
				SWIFT_COMPILATION_MODE = wholemodule;
				SWIFT_OPTIMIZATION_LEVEL = "-O";
				VALIDATE_PRODUCT = YES;
			};
			name = Release;
		};
		AA230282227831A200FEF7EE /* Debug */ = {
			isa = XCBuildConfiguration;
			buildSettings = {
				ASSETCATALOG_COMPILER_APPICON_NAME = AppIcon;
				CODE_SIGN_STYLE = Automatic;
				DEVELOPMENT_TEAM = BCB2U5N8E6;
				INFOPLIST_FILE = AwakensApp/Info.plist;
				LD_RUNPATH_SEARCH_PATHS = (
					"$(inherited)",
					"@executable_path/Frameworks",
				);
				PRODUCT_BUNDLE_IDENTIFIER = "fr.univ-fcomte.courspart.AwakensApp";
				PRODUCT_NAME = "$(TARGET_NAME)";
				SWIFT_VERSION = 5.0;
				TARGETED_DEVICE_FAMILY = "1,2";
			};
			name = Debug;
		};
		AA230283227831A200FEF7EE /* Release */ = {
			isa = XCBuildConfiguration;
			buildSettings = {
				ASSETCATALOG_COMPILER_APPICON_NAME = AppIcon;
				CODE_SIGN_STYLE = Automatic;
				DEVELOPMENT_TEAM = BCB2U5N8E6;
				INFOPLIST_FILE = AwakensApp/Info.plist;
				LD_RUNPATH_SEARCH_PATHS = (
					"$(inherited)",
					"@executable_path/Frameworks",
				);
				PRODUCT_BUNDLE_IDENTIFIER = "fr.univ-fcomte.courspart.AwakensApp";
				PRODUCT_NAME = "$(TARGET_NAME)";
				SWIFT_VERSION = 5.0;
				TARGETED_DEVICE_FAMILY = "1,2";
			};
			name = Release;
		};
/* End XCBuildConfiguration section */

/* Begin XCConfigurationList section */
		AA23026A227831A000FEF7EE /* Build configuration list for PBXProject "AwakensApp" */ = {
			isa = XCConfigurationList;
			buildConfigurations = (
				AA23027F227831A200FEF7EE /* Debug */,
				AA230280227831A200FEF7EE /* Release */,
			);
			defaultConfigurationIsVisible = 0;
			defaultConfigurationName = Release;
		};
		AA230281227831A200FEF7EE /* Build configuration list for PBXNativeTarget "AwakensApp" */ = {
			isa = XCConfigurationList;
			buildConfigurations = (
				AA230282227831A200FEF7EE /* Debug */,
				AA230283227831A200FEF7EE /* Release */,
			);
			defaultConfigurationIsVisible = 0;
			defaultConfigurationName = Release;
		};
/* End XCConfigurationList section */
	};
	rootObject = AA230267227831A000FEF7EE /* Project object */;
}
